
Microsoft Visual Studio Solution File, Format Version 12.00
# Visual Studio Version 16
VisualStudioVersion = 16.0.30128.74
MinimumVisualStudioVersion = 10.0.40219.1
Project("{9A19103F-16F7-4668-BE54-9A1E7A4F7556}") = "SabreTools.DatFiles", "SabreTools.DatFiles\SabreTools.DatFiles.csproj", "{CA54EDF8-100F-46E7-933C-0E081C7FCBD3}"
EndProject
Project("{9A19103F-16F7-4668-BE54-9A1E7A4F7556}") = "RombaSharp", "RombaSharp\RombaSharp.csproj", "{99B5AAC0-A92C-4FD8-82B6-F82B44D7279D}"
EndProject
Project("{9A19103F-16F7-4668-BE54-9A1E7A4F7556}") = "SabreTools", "SabreTools\SabreTools.csproj", "{A7F4C9D8-C086-4296-9BD3-637CF9C78F51}"
EndProject
Project("{2150E333-8FDC-42A3-9474-1A3956D46DE8}") = "Solution Items", "Solution Items", "{E848678E-0B14-4D37-B647-F2D75958C600}"
	ProjectSection(SolutionItems) = preProject
		.gitignore = .gitignore
		appveyor.yml = appveyor.yml
		README.MD = README.MD
	EndProjectSection
EndProject
Project("{9A19103F-16F7-4668-BE54-9A1E7A4F7556}") = "SabreTools.Core", "SabreTools.Core\SabreTools.Core.csproj", "{66E2FB10-77C0-4589-9DCD-3CA48702C18A}"
EndProject
Project("{FAE04EC0-301F-11D3-BF4B-00C04F79EFBC}") = "SabreTools.Help", "SabreTools.Help\SabreTools.Help.csproj", "{55364167-844F-4B58-8280-F5327FA3D8E7}"
EndProject
Project("{FAE04EC0-301F-11D3-BF4B-00C04F79EFBC}") = "SabreTools.Logging", "SabreTools.Logging\SabreTools.Logging.csproj", "{3D54D896-19F0-4723-B1E3-E40FAFE5A078}"
EndProject
Project("{FAE04EC0-301F-11D3-BF4B-00C04F79EFBC}") = "SabreTools.Filtering", "SabreTools.Filtering\SabreTools.Filtering.csproj", "{35129634-0F13-416A-8D4D-35B71DFECFFD}"
EndProject
Project("{FAE04EC0-301F-11D3-BF4B-00C04F79EFBC}") = "SabreTools.FileTypes", "SabreTools.FileTypes\SabreTools.FileTypes.csproj", "{0B36F39B-69CB-4E8A-B251-D063CB08B247}"
EndProject
Project("{FAE04EC0-301F-11D3-BF4B-00C04F79EFBC}") = "SabreTools.DatItems", "SabreTools.DatItems\SabreTools.DatItems.csproj", "{90ADE461-33B1-4E0D-925F-C99913665F0C}"
EndProject
Project("{FAE04EC0-301F-11D3-BF4B-00C04F79EFBC}") = "SabreTools.DatTools", "SabreTools.DatTools\SabreTools.DatTools.csproj", "{E0D12252-BBF3-4E3C-B2E2-79FA49EE31E5}"
EndProject
Project("{FAE04EC0-301F-11D3-BF4B-00C04F79EFBC}") = "SabreTools.Reports", "SabreTools.Reports\SabreTools.Reports.csproj", "{8B3F0606-0C2F-4004-9CB6-4F1F2497DCE4}"
EndProject
Project("{FAE04EC0-301F-11D3-BF4B-00C04F79EFBC}") = "SabreTools.Test", "SabreTools.Test\SabreTools.Test.csproj", "{5B4E67D5-F4DA-4750-8FE2-04D08E343791}"
EndProject
Project("{FAE04EC0-301F-11D3-BF4B-00C04F79EFBC}") = "SabreTools.Filter", "SabreTools.Filter\SabreTools.Filter.csproj", "{2A7A27A9-5FB9-4F6D-88F3-67120668A029}"
EndProject
Global
	GlobalSection(SolutionConfigurationPlatforms) = preSolution
		Debug|Any CPU = Debug|Any CPU
		Debug|x64 = Debug|x64
		Release|Any CPU = Release|Any CPU
		Release|x64 = Release|x64
	EndGlobalSection
	GlobalSection(ProjectConfigurationPlatforms) = postSolution
		{CA54EDF8-100F-46E7-933C-0E081C7FCBD3}.Debug|Any CPU.ActiveCfg = Debug|Any CPU
		{CA54EDF8-100F-46E7-933C-0E081C7FCBD3}.Debug|Any CPU.Build.0 = Debug|Any CPU
		{CA54EDF8-100F-46E7-933C-0E081C7FCBD3}.Debug|x64.ActiveCfg = Debug|Any CPU
		{CA54EDF8-100F-46E7-933C-0E081C7FCBD3}.Debug|x64.Build.0 = Debug|Any CPU
		{CA54EDF8-100F-46E7-933C-0E081C7FCBD3}.Release|Any CPU.ActiveCfg = Release|Any CPU
		{CA54EDF8-100F-46E7-933C-0E081C7FCBD3}.Release|Any CPU.Build.0 = Release|Any CPU
		{CA54EDF8-100F-46E7-933C-0E081C7FCBD3}.Release|x64.ActiveCfg = Release|Any CPU
		{CA54EDF8-100F-46E7-933C-0E081C7FCBD3}.Release|x64.Build.0 = Release|Any CPU
		{99B5AAC0-A92C-4FD8-82B6-F82B44D7279D}.Debug|Any CPU.ActiveCfg = Debug|Any CPU
		{99B5AAC0-A92C-4FD8-82B6-F82B44D7279D}.Debug|Any CPU.Build.0 = Debug|Any CPU
		{99B5AAC0-A92C-4FD8-82B6-F82B44D7279D}.Debug|x64.ActiveCfg = Debug|Any CPU
		{99B5AAC0-A92C-4FD8-82B6-F82B44D7279D}.Debug|x64.Build.0 = Debug|Any CPU
		{99B5AAC0-A92C-4FD8-82B6-F82B44D7279D}.Release|Any CPU.ActiveCfg = Release|Any CPU
		{99B5AAC0-A92C-4FD8-82B6-F82B44D7279D}.Release|Any CPU.Build.0 = Release|Any CPU
		{99B5AAC0-A92C-4FD8-82B6-F82B44D7279D}.Release|x64.ActiveCfg = Release|Any CPU
		{99B5AAC0-A92C-4FD8-82B6-F82B44D7279D}.Release|x64.Build.0 = Release|Any CPU
		{A7F4C9D8-C086-4296-9BD3-637CF9C78F51}.Debug|Any CPU.ActiveCfg = Debug|Any CPU
		{A7F4C9D8-C086-4296-9BD3-637CF9C78F51}.Debug|Any CPU.Build.0 = Debug|Any CPU
		{A7F4C9D8-C086-4296-9BD3-637CF9C78F51}.Debug|x64.ActiveCfg = Debug|Any CPU
		{A7F4C9D8-C086-4296-9BD3-637CF9C78F51}.Debug|x64.Build.0 = Debug|Any CPU
		{A7F4C9D8-C086-4296-9BD3-637CF9C78F51}.Release|Any CPU.ActiveCfg = Release|Any CPU
		{A7F4C9D8-C086-4296-9BD3-637CF9C78F51}.Release|Any CPU.Build.0 = Release|Any CPU
		{A7F4C9D8-C086-4296-9BD3-637CF9C78F51}.Release|x64.ActiveCfg = Release|Any CPU
		{A7F4C9D8-C086-4296-9BD3-637CF9C78F51}.Release|x64.Build.0 = Release|Any CPU
		{66E2FB10-77C0-4589-9DCD-3CA48702C18A}.Debug|Any CPU.ActiveCfg = Debug|Any CPU
		{66E2FB10-77C0-4589-9DCD-3CA48702C18A}.Debug|Any CPU.Build.0 = Debug|Any CPU
		{66E2FB10-77C0-4589-9DCD-3CA48702C18A}.Debug|x64.ActiveCfg = Debug|Any CPU
		{66E2FB10-77C0-4589-9DCD-3CA48702C18A}.Debug|x64.Build.0 = Debug|Any CPU
		{66E2FB10-77C0-4589-9DCD-3CA48702C18A}.Release|Any CPU.ActiveCfg = Release|Any CPU
		{66E2FB10-77C0-4589-9DCD-3CA48702C18A}.Release|Any CPU.Build.0 = Release|Any CPU
		{66E2FB10-77C0-4589-9DCD-3CA48702C18A}.Release|x64.ActiveCfg = Release|Any CPU
		{66E2FB10-77C0-4589-9DCD-3CA48702C18A}.Release|x64.Build.0 = Release|Any CPU
		{55364167-844F-4B58-8280-F5327FA3D8E7}.Debug|Any CPU.ActiveCfg = Debug|Any CPU
		{55364167-844F-4B58-8280-F5327FA3D8E7}.Debug|Any CPU.Build.0 = Debug|Any CPU
		{55364167-844F-4B58-8280-F5327FA3D8E7}.Debug|x64.ActiveCfg = Debug|Any CPU
		{55364167-844F-4B58-8280-F5327FA3D8E7}.Debug|x64.Build.0 = Debug|Any CPU
		{55364167-844F-4B58-8280-F5327FA3D8E7}.Release|Any CPU.ActiveCfg = Release|Any CPU
		{55364167-844F-4B58-8280-F5327FA3D8E7}.Release|Any CPU.Build.0 = Release|Any CPU
		{55364167-844F-4B58-8280-F5327FA3D8E7}.Release|x64.ActiveCfg = Release|Any CPU
		{55364167-844F-4B58-8280-F5327FA3D8E7}.Release|x64.Build.0 = Release|Any CPU
		{3D54D896-19F0-4723-B1E3-E40FAFE5A078}.Debug|Any CPU.ActiveCfg = Debug|Any CPU
		{3D54D896-19F0-4723-B1E3-E40FAFE5A078}.Debug|Any CPU.Build.0 = Debug|Any CPU
		{3D54D896-19F0-4723-B1E3-E40FAFE5A078}.Debug|x64.ActiveCfg = Debug|Any CPU
		{3D54D896-19F0-4723-B1E3-E40FAFE5A078}.Debug|x64.Build.0 = Debug|Any CPU
		{3D54D896-19F0-4723-B1E3-E40FAFE5A078}.Release|Any CPU.ActiveCfg = Release|Any CPU
		{3D54D896-19F0-4723-B1E3-E40FAFE5A078}.Release|Any CPU.Build.0 = Release|Any CPU
		{3D54D896-19F0-4723-B1E3-E40FAFE5A078}.Release|x64.ActiveCfg = Release|Any CPU
		{3D54D896-19F0-4723-B1E3-E40FAFE5A078}.Release|x64.Build.0 = Release|Any CPU
		{35129634-0F13-416A-8D4D-35B71DFECFFD}.Debug|Any CPU.ActiveCfg = Debug|Any CPU
		{35129634-0F13-416A-8D4D-35B71DFECFFD}.Debug|Any CPU.Build.0 = Debug|Any CPU
		{35129634-0F13-416A-8D4D-35B71DFECFFD}.Debug|x64.ActiveCfg = Debug|Any CPU
		{35129634-0F13-416A-8D4D-35B71DFECFFD}.Debug|x64.Build.0 = Debug|Any CPU
		{35129634-0F13-416A-8D4D-35B71DFECFFD}.Release|Any CPU.ActiveCfg = Release|Any CPU
		{35129634-0F13-416A-8D4D-35B71DFECFFD}.Release|Any CPU.Build.0 = Release|Any CPU
		{35129634-0F13-416A-8D4D-35B71DFECFFD}.Release|x64.ActiveCfg = Release|Any CPU
		{35129634-0F13-416A-8D4D-35B71DFECFFD}.Release|x64.Build.0 = Release|Any CPU
		{0B36F39B-69CB-4E8A-B251-D063CB08B247}.Debug|Any CPU.ActiveCfg = Debug|Any CPU
		{0B36F39B-69CB-4E8A-B251-D063CB08B247}.Debug|Any CPU.Build.0 = Debug|Any CPU
		{0B36F39B-69CB-4E8A-B251-D063CB08B247}.Debug|x64.ActiveCfg = Debug|Any CPU
		{0B36F39B-69CB-4E8A-B251-D063CB08B247}.Debug|x64.Build.0 = Debug|Any CPU
		{0B36F39B-69CB-4E8A-B251-D063CB08B247}.Release|Any CPU.ActiveCfg = Release|Any CPU
		{0B36F39B-69CB-4E8A-B251-D063CB08B247}.Release|Any CPU.Build.0 = Release|Any CPU
		{0B36F39B-69CB-4E8A-B251-D063CB08B247}.Release|x64.ActiveCfg = Release|Any CPU
		{0B36F39B-69CB-4E8A-B251-D063CB08B247}.Release|x64.Build.0 = Release|Any CPU
		{90ADE461-33B1-4E0D-925F-C99913665F0C}.Debug|Any CPU.ActiveCfg = Debug|Any CPU
		{90ADE461-33B1-4E0D-925F-C99913665F0C}.Debug|Any CPU.Build.0 = Debug|Any CPU
		{90ADE461-33B1-4E0D-925F-C99913665F0C}.Debug|x64.ActiveCfg = Debug|Any CPU
		{90ADE461-33B1-4E0D-925F-C99913665F0C}.Debug|x64.Build.0 = Debug|Any CPU
		{90ADE461-33B1-4E0D-925F-C99913665F0C}.Release|Any CPU.ActiveCfg = Release|Any CPU
		{90ADE461-33B1-4E0D-925F-C99913665F0C}.Release|Any CPU.Build.0 = Release|Any CPU
		{90ADE461-33B1-4E0D-925F-C99913665F0C}.Release|x64.ActiveCfg = Release|Any CPU
		{90ADE461-33B1-4E0D-925F-C99913665F0C}.Release|x64.Build.0 = Release|Any CPU
		{E0D12252-BBF3-4E3C-B2E2-79FA49EE31E5}.Debug|Any CPU.ActiveCfg = Debug|Any CPU
		{E0D12252-BBF3-4E3C-B2E2-79FA49EE31E5}.Debug|Any CPU.Build.0 = Debug|Any CPU
		{E0D12252-BBF3-4E3C-B2E2-79FA49EE31E5}.Debug|x64.ActiveCfg = Debug|Any CPU
		{E0D12252-BBF3-4E3C-B2E2-79FA49EE31E5}.Debug|x64.Build.0 = Debug|Any CPU
		{E0D12252-BBF3-4E3C-B2E2-79FA49EE31E5}.Release|Any CPU.ActiveCfg = Release|Any CPU
		{E0D12252-BBF3-4E3C-B2E2-79FA49EE31E5}.Release|Any CPU.Build.0 = Release|Any CPU
		{E0D12252-BBF3-4E3C-B2E2-79FA49EE31E5}.Release|x64.ActiveCfg = Release|Any CPU
		{E0D12252-BBF3-4E3C-B2E2-79FA49EE31E5}.Release|x64.Build.0 = Release|Any CPU
		{8B3F0606-0C2F-4004-9CB6-4F1F2497DCE4}.Debug|Any CPU.ActiveCfg = Debug|Any CPU
		{8B3F0606-0C2F-4004-9CB6-4F1F2497DCE4}.Debug|Any CPU.Build.0 = Debug|Any CPU
		{8B3F0606-0C2F-4004-9CB6-4F1F2497DCE4}.Debug|x64.ActiveCfg = Debug|Any CPU
		{8B3F0606-0C2F-4004-9CB6-4F1F2497DCE4}.Debug|x64.Build.0 = Debug|Any CPU
		{8B3F0606-0C2F-4004-9CB6-4F1F2497DCE4}.Release|Any CPU.ActiveCfg = Release|Any CPU
		{8B3F0606-0C2F-4004-9CB6-4F1F2497DCE4}.Release|Any CPU.Build.0 = Release|Any CPU
		{8B3F0606-0C2F-4004-9CB6-4F1F2497DCE4}.Release|x64.ActiveCfg = Release|Any CPU
		{8B3F0606-0C2F-4004-9CB6-4F1F2497DCE4}.Release|x64.Build.0 = Release|Any CPU
		{5B4E67D5-F4DA-4750-8FE2-04D08E343791}.Debug|Any CPU.ActiveCfg = Debug|Any CPU
		{5B4E67D5-F4DA-4750-8FE2-04D08E343791}.Debug|Any CPU.Build.0 = Debug|Any CPU
		{5B4E67D5-F4DA-4750-8FE2-04D08E343791}.Debug|x64.ActiveCfg = Debug|Any CPU
		{5B4E67D5-F4DA-4750-8FE2-04D08E343791}.Debug|x64.Build.0 = Debug|Any CPU
		{5B4E67D5-F4DA-4750-8FE2-04D08E343791}.Release|Any CPU.ActiveCfg = Release|Any CPU
		{5B4E67D5-F4DA-4750-8FE2-04D08E343791}.Release|Any CPU.Build.0 = Release|Any CPU
		{5B4E67D5-F4DA-4750-8FE2-04D08E343791}.Release|x64.ActiveCfg = Release|Any CPU
		{5B4E67D5-F4DA-4750-8FE2-04D08E343791}.Release|x64.Build.0 = Release|Any CPU
		{2A7A27A9-5FB9-4F6D-88F3-67120668A029}.Debug|Any CPU.ActiveCfg = Debug|Any CPU
		{2A7A27A9-5FB9-4F6D-88F3-67120668A029}.Debug|Any CPU.Build.0 = Debug|Any CPU
		{2A7A27A9-5FB9-4F6D-88F3-67120668A029}.Debug|x64.ActiveCfg = Debug|Any CPU
		{2A7A27A9-5FB9-4F6D-88F3-67120668A029}.Debug|x64.Build.0 = Debug|Any CPU
		{2A7A27A9-5FB9-4F6D-88F3-67120668A029}.Release|Any CPU.ActiveCfg = Release|Any CPU
		{2A7A27A9-5FB9-4F6D-88F3-67120668A029}.Release|Any CPU.Build.0 = Release|Any CPU
		{2A7A27A9-5FB9-4F6D-88F3-67120668A029}.Release|x64.ActiveCfg = Release|Any CPU
		{2A7A27A9-5FB9-4F6D-88F3-67120668A029}.Release|x64.Build.0 = Release|Any CPU
	EndGlobalSection
	GlobalSection(SolutionProperties) = preSolution
		HideSolutionNode = FALSE
	EndGlobalSection
	GlobalSection(ExtensibilityGlobals) = postSolution
		SolutionGuid = {CACC9A3E-7E44-4480-8D6D-9EA84B789A45}
	EndGlobalSection
EndGlobal
